# THIS IS AN AUTOGENERATED FILE. DO NOT EDIT THIS FILE DIRECTLY.
# yarn lockfile v1


prettier@^2.8.3:
  version "2.8.3"
  resolved "https://registry.yarnpkg.com/prettier/-/prettier-2.8.3.tgz#ab697b1d3dd46fb4626fbe2f543afe0cc98d8632"
  integrity sha512-tJ/oJ4amDihPoufT5sM0Z1SKEuKay8LfVAMlbbhnnkvt6BUserZylqo2PN+p9KeljLr0OHa2rXHU1T8reeoTrw==

turbo-darwin-64@1.7.0:
  version "1.7.0"
  resolved "https://registry.yarnpkg.com/turbo-darwin-64/-/turbo-darwin-64-1.7.0.tgz#e53ed2e791ce4d146a76aa7c276c84d590134550"
  integrity sha512-hSGAueSf5Ko8J67mpqjpt9FsP6ePn1nMcl7IVPoJq5dHsgX3anCP/BPlexJ502bNK+87DDyhQhJ/LPSJXKrSYQ==

turbo-darwin-arm64@1.7.0:
  version "1.7.0"
  resolved "https://registry.yarnpkg.com/turbo-darwin-arm64/-/turbo-darwin-arm64-1.7.0.tgz#d5fdeccb38f1092b5c888f83a2dcd9ae97068dad"
  integrity sha512-BLLOW5W6VZxk5+0ZOj5AO1qjM0P5isIgjbEuyAl8lHZ4s9antUbY4CtFrspT32XxPTYoDl4UjviPMcSsbcl3WQ==

turbo-linux-64@1.7.0:
  version "1.7.0"
  resolved "https://registry.yarnpkg.com/turbo-linux-64/-/turbo-linux-64-1.7.0.tgz#48cf63aa51cde67d5a56eb70df6d7a93548376fa"
  integrity sha512-aw2qxmfZa+kT87SB3GNUoFimqEPzTlzlRqhPgHuAAT6Uf0JHnmebPt4K+ZPtDNl5yfVmtB05bhHPqw+5QV97Yg==

turbo-linux-arm64@1.7.0:
  version "1.7.0"
  resolved "https://registry.yarnpkg.com/turbo-linux-arm64/-/turbo-linux-arm64-1.7.0.tgz#1b9b047d72071f9b8090057ede40ca54db945ae7"
  integrity sha512-AJEx2jX+zO5fQtJpO3r6uhTabj4oSA5ZhB7zTs/rwu/XqoydsvStA4X8NDW4poTbOjF7DcSHizqwi04tSMzpJw==

turbo-windows-64@1.7.0:
  version "1.7.0"
  resolved "https://registry.yarnpkg.com/turbo-windows-64/-/turbo-windows-64-1.7.0.tgz#4683b84c5ba806cba8ab3ec28e4a62f46bdc9901"
  integrity sha512-ewj7PPv2uxqv0r31hgnBa3E5qwUu7eyVRP5M1gB/TJXfSHduU79gbxpKCyxIZv2fL/N2/3U7EPOQPSZxBAoljA==

turbo-windows-arm64@1.7.0:
  version "1.7.0"
  resolved "https://registry.yarnpkg.com/turbo-windows-arm64/-/turbo-windows-arm64-1.7.0.tgz#4cdcae60868df73e2af06dcaf39e1c725176cf7f"
  integrity sha512-LzjOUzveWkvTD0jP8DBMYiAnYemmydsvqxdSmsUapHHJkl6wKZIOQNSO7pxsy+9XM/1/+0f9Y9F9ZNl5lePTEA==

turbo@^1.7.0:
  version "1.7.0"
  resolved "https://registry.yarnpkg.com/turbo/-/turbo-1.7.0.tgz#8e7d2fbc0b57f8835d51195e957766969929616f"
  integrity sha512-cwympNwQNnQZ/TffBd8yT0i0O10Cf/hlxccCYgUcwhcGEb9rDjE5thDbHoHw1hlJQUF/5ua7ERJe7Zr0lNE/ww==
  optionalDependencies:
    turbo-darwin-64 "1.7.0"
    turbo-darwin-arm64 "1.7.0"
    turbo-linux-64 "1.7.0"
    turbo-linux-arm64 "1.7.0"
    turbo-windows-64 "1.7.0"
    turbo-windows-arm64 "1.7.0"
